{
  "version": "5",
  "redirects": {
    "https://deno.land/std/dotenv/load.ts": "https://deno.land/std@0.224.0/dotenv/load.ts",
    "https://deno.land/std/http/server.ts": "https://deno.land/std@0.224.0/http/server.ts"
  },
  "remote": {
    "https://deno.land/std@0.224.0/async/delay.ts": "f90dd685b97c2f142b8069082993e437b1602b8e2561134827eeb7c12b95c499",
    "https://deno.land/std@0.224.0/dotenv/load.ts": "587b342f0f6a3df071331fe6ba1c823729ab68f7d53805809475e486dd4161d7",
    "https://deno.land/std@0.224.0/dotenv/mod.ts": "0180eaeedaaf88647318811cdaa418cc64dc51fb08354f91f5f480d0a1309f7d",
    "https://deno.land/std@0.224.0/dotenv/parse.ts": "09977ff88dfd1f24f9973a338f0f91bbdb9307eb5ff6085446e7c423e4c7ba0c",
    "https://deno.land/std@0.224.0/dotenv/stringify.ts": "275da322c409170160440836342eaa7cf012a1d11a7e700d8ca4e7f2f8aa4615",
    "https://deno.land/std@0.224.0/http/server.ts": "f9313804bf6467a1704f45f76cb6cd0a3396a3b31c316035e6a4c2035d1ea514"
  },
  "workspace": {
    "packageJson": {
      "dependencies": [
        "npm:@emotion/react@^11.13.3",
        "npm:@emotion/styled@^11.13.0",
        "npm:@eslint/js@^9.9.0",
        "npm:@mui/icons-material@^6.0.2",
        "npm:@mui/material@^6.0.2",
        "npm:@supabase/auth-helpers-react@~0.4.2",
        "npm:@supabase/supabase-js@^2.50.0",
        "npm:@types/prop-types@^15.7.14",
        "npm:@types/react-dom@^18.3.0",
        "npm:@types/react@^18.3.3",
        "npm:@vitejs/plugin-react@^4.3.1",
        "npm:autoprefixer@^10.4.20",
        "npm:cors@^2.8.5",
        "npm:dotenv@^16.5.0",
        "npm:eslint-plugin-react-hooks@^5.1.0-rc.0",
        "npm:eslint-plugin-react-refresh@~0.4.9",
        "npm:eslint-plugin-react@^7.35.0",
        "npm:eslint@^9.9.0",
        "npm:express@^5.1.0",
        "npm:globals@^15.9.0",
        "npm:postcss@^8.4.45",
        "npm:prop-types@^15.8.1",
        "npm:react-dom@^18.3.1",
        "npm:react-router-dom@^6.22.3",
        "npm:react-toastify@^11.0.5",
        "npm:react@^18.3.1",
        "npm:tailwindcss@^3.4.10",
        "npm:vite@^5.4.1",
        "npm:workbox-core@7",
        "npm:workbox-precaching@7",
        "npm:workbox-routing@7",
        "npm:workbox-strategies@7"
      ]
    }
  }
}
